
Microsoft Visual Studio Solution File, Format Version 12.00
# Visual Studio 15
VisualStudioVersion = 15.0.27130.2003
MinimumVisualStudioVersion = 10.0.40219.1
Project("{FAE04EC0-301F-11D3-BF4B-00C04F79EFBC}") = "BarService", "src\SowaLabs.BarService\SowaLabs.BarService.csproj", "{04CB41C0-3395-40AF-8A0F-7455F3C2808A}"
EndProject
Global
	GlobalSection(SolutionConfigurationPlatforms) = preSolution
		Debug|Any CPU = Debug|Any CPU
		Release|Any CPU = Release|Any CPU
	EndGlobalSection
	GlobalSection(ProjectConfigurationPlatforms) = postSolution
		{04CB41C0-3395-40AF-8A0F-7455F3C2808A}.Debug|Any CPU.ActiveCfg = Debug|Any CPU
		{04CB41C0-3395-40AF-8A0F-7455F3C2808A}.Debug|Any CPU.Build.0 = Debug|Any CPU
		{04CB41C0-3395-40AF-8A0F-7455F3C2808A}.Release|Any CPU.ActiveCfg = Release|Any CPU
		{04CB41C0-3395-40AF-8A0F-7455F3C2808A}.Release|Any CPU.Build.0 = Release|Any CPU
	EndGlobalSection
	GlobalSection(SolutionProperties) = preSolution
		HideSolutionNode = FALSE
	EndGlobalSection
	GlobalSection(ExtensibilityGlobals) = postSolution
		SolutionGuid = {DB692812-2F66-40AE-B968-3D8870C37215}
	EndGlobalSection
EndGlobal
